
Microsoft Visual Studio Solution File, Format Version 12.00
# Visual Studio Version 17
VisualStudioVersion = 17.5.33530.505
MinimumVisualStudioVersion = 10.0.40219.1
Project("{FAE04EC0-301F-11D3-BF4B-00C04F79EFBC}") = "VKTask", "VKTask\VKTask.csproj", "{B56986ED-2CC5-4409-956C-8374953D44DD}"
EndProject
Project("{2150E333-8FDC-42A3-9474-1A3956D46DE8}") = "VKTask.Domain", "VKTask.Domain", "{E5A9FB10-A87B-4ED6-8CEA-E7AC485D0D83}"
EndProject
Project("{FAE04EC0-301F-11D3-BF4B-00C04F79EFBC}") = "VKTask.Domain", "VKTask.Domain\VKTask.Domain.csproj", "{98C4D185-772A-416C-B472-DB9C4BFBF12F}"
EndProject
Project("{2150E333-8FDC-42A3-9474-1A3956D46DE8}") = "VKTask.DAL", "VKTask.DAL", "{AB10ED5E-41DD-4409-BC3B-91DB85D1ABA7}"
EndProject
Project("{FAE04EC0-301F-11D3-BF4B-00C04F79EFBC}") = "VKTask.DAL", "VKTask.DAL\VKTask.DAL.csproj", "{D927E80C-5495-4516-9FDA-DDE3CDDCE728}"
EndProject
Global
	GlobalSection(SolutionConfigurationPlatforms) = preSolution
		Debug|Any CPU = Debug|Any CPU
		Release|Any CPU = Release|Any CPU
	EndGlobalSection
	GlobalSection(ProjectConfigurationPlatforms) = postSolution
		{B56986ED-2CC5-4409-956C-8374953D44DD}.Debug|Any CPU.ActiveCfg = Debug|Any CPU
		{B56986ED-2CC5-4409-956C-8374953D44DD}.Debug|Any CPU.Build.0 = Debug|Any CPU
		{B56986ED-2CC5-4409-956C-8374953D44DD}.Release|Any CPU.ActiveCfg = Release|Any CPU
		{B56986ED-2CC5-4409-956C-8374953D44DD}.Release|Any CPU.Build.0 = Release|Any CPU
		{98C4D185-772A-416C-B472-DB9C4BFBF12F}.Debug|Any CPU.ActiveCfg = Debug|Any CPU
		{98C4D185-772A-416C-B472-DB9C4BFBF12F}.Debug|Any CPU.Build.0 = Debug|Any CPU
		{98C4D185-772A-416C-B472-DB9C4BFBF12F}.Release|Any CPU.ActiveCfg = Release|Any CPU
		{98C4D185-772A-416C-B472-DB9C4BFBF12F}.Release|Any CPU.Build.0 = Release|Any CPU
		{D927E80C-5495-4516-9FDA-DDE3CDDCE728}.Debug|Any CPU.ActiveCfg = Debug|Any CPU
		{D927E80C-5495-4516-9FDA-DDE3CDDCE728}.Debug|Any CPU.Build.0 = Debug|Any CPU
		{D927E80C-5495-4516-9FDA-DDE3CDDCE728}.Release|Any CPU.ActiveCfg = Release|Any CPU
		{D927E80C-5495-4516-9FDA-DDE3CDDCE728}.Release|Any CPU.Build.0 = Release|Any CPU
	EndGlobalSection
	GlobalSection(SolutionProperties) = preSolution
		HideSolutionNode = FALSE
	EndGlobalSection
	GlobalSection(NestedProjects) = preSolution
		{98C4D185-772A-416C-B472-DB9C4BFBF12F} = {E5A9FB10-A87B-4ED6-8CEA-E7AC485D0D83}
		{D927E80C-5495-4516-9FDA-DDE3CDDCE728} = {AB10ED5E-41DD-4409-BC3B-91DB85D1ABA7}
	EndGlobalSection
	GlobalSection(ExtensibilityGlobals) = postSolution
		SolutionGuid = {6367D1A4-90F1-482B-9A46-AA6BA2B8E3AF}
	EndGlobalSection
EndGlobal
